
Microsoft Visual Studio Solution File, Format Version 12.00
# Visual Studio Version 17
VisualStudioVersion = 17.0.31912.275
MinimumVisualStudioVersion = 10.0.40219.1
Project("{FAE04EC0-301F-11D3-BF4B-00C04F79EFBC}") = "LightControll", "LightControll.csproj", "{D1538372-1B94-499A-9BE7-018DFA75BDF8}"
EndProject
Global
	GlobalSection(SolutionConfigurationPlatforms) = preSolution
		Debug|Any CPU = Debug|Any CPU
		Release|Any CPU = Release|Any CPU
	EndGlobalSection
	GlobalSection(ProjectConfigurationPlatforms) = postSolution
		{D1538372-1B94-499A-9BE7-018DFA75BDF8}.Debug|Any CPU.ActiveCfg = Debug|Any CPU
		{D1538372-1B94-499A-9BE7-018DFA75BDF8}.Debug|Any CPU.Build.0 = Debug|Any CPU
		{D1538372-1B94-499A-9BE7-018DFA75BDF8}.Debug|Any CPU.Deploy.0 = Debug|Any CPU
		{D1538372-1B94-499A-9BE7-018DFA75BDF8}.Release|Any CPU.ActiveCfg = Release|Any CPU
		{D1538372-1B94-499A-9BE7-018DFA75BDF8}.Release|Any CPU.Build.0 = Release|Any CPU
		{D1538372-1B94-499A-9BE7-018DFA75BDF8}.Release|Any CPU.Deploy.0 = Release|Any CPU
	EndGlobalSection
	GlobalSection(SolutionProperties) = preSolution
		HideSolutionNode = FALSE
	EndGlobalSection
	GlobalSection(ExtensibilityGlobals) = postSolution
		SolutionGuid = {E470583C-01B4-412D-A6B2-EE997F7B78D9}
	EndGlobalSection
EndGlobal
